
Microsoft Visual Studio Solution File, Format Version 12.00
# Visual Studio Version 17
VisualStudioVersion = 17.4.33213.308
MinimumVisualStudioVersion = 10.0.40219.1
Project("{9A19103F-16F7-4668-BE54-9A1E7A4F7556}") = "CatechismScrapper", "CatechismScrapper\CatechismScrapper.csproj", "{8B73DF3B-2ABD-47E2-94AF-7F58800DB934}"
EndProject
Global
	GlobalSection(SolutionConfigurationPlatforms) = preSolution
		Debug|Any CPU = Debug|Any CPU
		Release|Any CPU = Release|Any CPU
	EndGlobalSection
	GlobalSection(ProjectConfigurationPlatforms) = postSolution
		{8B73DF3B-2ABD-47E2-94AF-7F58800DB934}.Debug|Any CPU.ActiveCfg = Debug|Any CPU
		{8B73DF3B-2ABD-47E2-94AF-7F58800DB934}.Debug|Any CPU.Build.0 = Debug|Any CPU
		{8B73DF3B-2ABD-47E2-94AF-7F58800DB934}.Release|Any CPU.ActiveCfg = Release|Any CPU
		{8B73DF3B-2ABD-47E2-94AF-7F58800DB934}.Release|Any CPU.Build.0 = Release|Any CPU
	EndGlobalSection
	GlobalSection(SolutionProperties) = preSolution
		HideSolutionNode = FALSE
	EndGlobalSection
	GlobalSection(ExtensibilityGlobals) = postSolution
		SolutionGuid = {1BC141FD-AE16-4E94-9BAE-073643EB5ED3}
	EndGlobalSection
EndGlobal
